
Microsoft Visual Studio Solution File, Format Version 12.00
# Visual Studio Version 16
VisualStudioVersion = 16.0.30114.105
MinimumVisualStudioVersion = 10.0.40219.1
Project("{9A19103F-16F7-4668-BE54-9A1E7A4F7556}") = "IRISNativeEntity.Sample", "IRISNativeEntity.Sample\IRISNativeEntity.Sample.csproj", "{4A4C5E87-99B9-41AC-9B00-3C04A6FD622A}"
EndProject
Project("{9A19103F-16F7-4668-BE54-9A1E7A4F7556}") = "IRISGlobalsNative.Extensions.SampleWebApp", "SampleWebApp\IRISGlobalsNative.Extensions.SampleWebApp.csproj", "{BB06D572-A6A9-4824-808A-60B35FB9B8E7}"
EndProject
Project("{9A19103F-16F7-4668-BE54-9A1E7A4F7556}") = "IRISGlobalsNative.Extensions", "IRISGlobalsNative.Extensions\IRISGlobalsNative.Extensions.csproj", "{CC4B1185-28BA-470C-B31A-FC44743A450E}"
EndProject
Global
	GlobalSection(SolutionConfigurationPlatforms) = preSolution
		Debug|Any CPU = Debug|Any CPU
		Release|Any CPU = Release|Any CPU
	EndGlobalSection
	GlobalSection(ProjectConfigurationPlatforms) = postSolution
		{4A4C5E87-99B9-41AC-9B00-3C04A6FD622A}.Debug|Any CPU.ActiveCfg = Debug|Any CPU
		{4A4C5E87-99B9-41AC-9B00-3C04A6FD622A}.Debug|Any CPU.Build.0 = Debug|Any CPU
		{4A4C5E87-99B9-41AC-9B00-3C04A6FD622A}.Release|Any CPU.ActiveCfg = Release|Any CPU
		{4A4C5E87-99B9-41AC-9B00-3C04A6FD622A}.Release|Any CPU.Build.0 = Release|Any CPU
		{BB06D572-A6A9-4824-808A-60B35FB9B8E7}.Debug|Any CPU.ActiveCfg = Debug|Any CPU
		{BB06D572-A6A9-4824-808A-60B35FB9B8E7}.Debug|Any CPU.Build.0 = Debug|Any CPU
		{BB06D572-A6A9-4824-808A-60B35FB9B8E7}.Release|Any CPU.ActiveCfg = Release|Any CPU
		{BB06D572-A6A9-4824-808A-60B35FB9B8E7}.Release|Any CPU.Build.0 = Release|Any CPU
		{CC4B1185-28BA-470C-B31A-FC44743A450E}.Debug|Any CPU.ActiveCfg = Debug|Any CPU
		{CC4B1185-28BA-470C-B31A-FC44743A450E}.Debug|Any CPU.Build.0 = Debug|Any CPU
		{CC4B1185-28BA-470C-B31A-FC44743A450E}.Release|Any CPU.ActiveCfg = Release|Any CPU
		{CC4B1185-28BA-470C-B31A-FC44743A450E}.Release|Any CPU.Build.0 = Release|Any CPU
	EndGlobalSection
	GlobalSection(SolutionProperties) = preSolution
		HideSolutionNode = FALSE
	EndGlobalSection
	GlobalSection(ExtensibilityGlobals) = postSolution
		SolutionGuid = {BD707A56-390A-4778-AFFA-0F45E099590F}
	EndGlobalSection
EndGlobal
